
Microsoft Visual Studio Solution File, Format Version 12.00
# Visual Studio Version 17
VisualStudioVersion = 17.8.34330.188
MinimumVisualStudioVersion = 10.0.40219.1
Project("{FAE04EC0-301F-11D3-BF4B-00C04F79EFBC}") = "MergeData", "MergeData.csproj", "{2C7E0267-677B-4092-805D-61D0F26B3F96}"
EndProject
Global
	GlobalSection(SolutionConfigurationPlatforms) = preSolution
		Debug|Any CPU = Debug|Any CPU
		Release|Any CPU = Release|Any CPU
	EndGlobalSection
	GlobalSection(ProjectConfigurationPlatforms) = postSolution
		{2C7E0267-677B-4092-805D-61D0F26B3F96}.Debug|Any CPU.ActiveCfg = Debug|Any CPU
		{2C7E0267-677B-4092-805D-61D0F26B3F96}.Debug|Any CPU.Build.0 = Debug|Any CPU
		{2C7E0267-677B-4092-805D-61D0F26B3F96}.Release|Any CPU.ActiveCfg = Release|Any CPU
		{2C7E0267-677B-4092-805D-61D0F26B3F96}.Release|Any CPU.Build.0 = Release|Any CPU
	EndGlobalSection
	GlobalSection(SolutionProperties) = preSolution
		HideSolutionNode = FALSE
	EndGlobalSection
	GlobalSection(ExtensibilityGlobals) = postSolution
		SolutionGuid = {70684550-231F-4438-8246-3EB03B644D35}
	EndGlobalSection
EndGlobal
